
Microsoft Visual Studio Solution File, Format Version 12.00
# Visual Studio Version 17
VisualStudioVersion = 17.2.32526.322
MinimumVisualStudioVersion = 10.0.40219.1
Project("{9A19103F-16F7-4668-BE54-9A1E7A4F7556}") = "MyCSSlave", "MyCSSlave.csproj", "{5AA2565C-947B-4DF4-A178-EE238B44882E}"
EndProject
Project("{9A19103F-16F7-4668-BE54-9A1E7A4F7556}") = "MyCSClient", "..\MyCSClient\MyCSClient.csproj", "{DF0D8800-071F-4A11-B0D1-27433B166F85}"
EndProject
Project("{E53339B2-1760-4266-BCC7-CA923CBCF16C}") = "docker-compose", "docker-compose.dcproj", "{2C879C90-07AA-43A8-AC77-3E4ABEAF48CB}"
EndProject
Global
	GlobalSection(SolutionConfigurationPlatforms) = preSolution
		Debug|Any CPU = Debug|Any CPU
		Release|Any CPU = Release|Any CPU
	EndGlobalSection
	GlobalSection(ProjectConfigurationPlatforms) = postSolution
		{5AA2565C-947B-4DF4-A178-EE238B44882E}.Debug|Any CPU.ActiveCfg = Debug|Any CPU
		{5AA2565C-947B-4DF4-A178-EE238B44882E}.Debug|Any CPU.Build.0 = Debug|Any CPU
		{5AA2565C-947B-4DF4-A178-EE238B44882E}.Release|Any CPU.ActiveCfg = Release|Any CPU
		{5AA2565C-947B-4DF4-A178-EE238B44882E}.Release|Any CPU.Build.0 = Release|Any CPU
		{DF0D8800-071F-4A11-B0D1-27433B166F85}.Debug|Any CPU.ActiveCfg = Debug|Any CPU
		{DF0D8800-071F-4A11-B0D1-27433B166F85}.Debug|Any CPU.Build.0 = Debug|Any CPU
		{DF0D8800-071F-4A11-B0D1-27433B166F85}.Release|Any CPU.ActiveCfg = Release|Any CPU
		{DF0D8800-071F-4A11-B0D1-27433B166F85}.Release|Any CPU.Build.0 = Release|Any CPU
		{2C879C90-07AA-43A8-AC77-3E4ABEAF48CB}.Debug|Any CPU.ActiveCfg = Debug|Any CPU
		{2C879C90-07AA-43A8-AC77-3E4ABEAF48CB}.Debug|Any CPU.Build.0 = Debug|Any CPU
		{2C879C90-07AA-43A8-AC77-3E4ABEAF48CB}.Release|Any CPU.ActiveCfg = Release|Any CPU
		{2C879C90-07AA-43A8-AC77-3E4ABEAF48CB}.Release|Any CPU.Build.0 = Release|Any CPU
	EndGlobalSection
	GlobalSection(SolutionProperties) = preSolution
		HideSolutionNode = FALSE
	EndGlobalSection
	GlobalSection(ExtensibilityGlobals) = postSolution
		SolutionGuid = {D9872D1F-8666-44E9-A512-F3F1CC0E9131}
	EndGlobalSection
EndGlobal
